Microsoft Visual Studio Solution File, Format Version 12.00
# Visual Studio 15
VisualStudioVersion = 15.0.26430.14
MinimumVisualStudioVersion = 10.0.40219.1
Project("{FAE04EC0-301F-11D3-BF4B-00C04F79EFBC}") = "JsonValueTester.Standard", "JsonValueTester.Standard/JsonValueTester.Standard.csproj", "{a0b0e3ec-6153-40b0-8e60-56a4799dcd46}"
EndProject
Project("{FAE04EC0-301F-11D3-BF4B-00C04F79EFBC}") = "JsonValueTester.Tests", "JsonValueTester.Tests/JsonValueTester.Tests.csproj", "{0ae793af-89b4-4dca-b553-ba468a9c8262}"
EndProject
Global
    GlobalSection(SolutionConfigurationPlatforms) = preSolution
        Debug|Any CPU = Debug|Any CPU
        Release|Any CPU = Release|Any CPU
    EndGlobalSection
    GlobalSection(ProjectConfigurationPlatforms) = postSolution
        {a0b0e3ec-6153-40b0-8e60-56a4799dcd46}.Debug|Any CPU.ActiveCfg = Debug|Any CPU
        {a0b0e3ec-6153-40b0-8e60-56a4799dcd46}.Debug|Any CPU.Build.0 = Debug|Any CPU
        {a0b0e3ec-6153-40b0-8e60-56a4799dcd46}.Release|Any CPU.ActiveCfg = Release|Any CPU
        {a0b0e3ec-6153-40b0-8e60-56a4799dcd46}.Release|Any CPU.Build.0 = Release|Any CPU
        {0ae793af-89b4-4dca-b553-ba468a9c8262}.Debug|Any CPU.ActiveCfg = Debug|Any CPU
        {0ae793af-89b4-4dca-b553-ba468a9c8262}.Debug|Any CPU.Build.0 = Debug|Any CPU
        {0ae793af-89b4-4dca-b553-ba468a9c8262}.Release|Any CPU.ActiveCfg = Release|Any CPU
        {0ae793af-89b4-4dca-b553-ba468a9c8262}.Release|Any CPU.Build.0 = Release|Any CPU
    EndGlobalSection
    GlobalSection(SolutionProperties) = preSolution
        HideSolutionNode = FALSE
    EndGlobalSection
EndGlobal
