Microsoft Visual Studio Solution File, Format Version 12.00
# Visual Studio 15
VisualStudioVersion = 15.0.26430.14
MinimumVisualStudioVersion = 10.0.40219.1
Project("{FAE04EC0-301F-11D3-BF4B-00C04F79EFBC}") = "JsonValueTester.Standard", "JsonValueTester.Standard/JsonValueTester.Standard.csproj", "{219285cc-819d-4d70-bd0b-fd8dd7dbc1bc}"
EndProject
Project("{FAE04EC0-301F-11D3-BF4B-00C04F79EFBC}") = "JsonValueTester.Tests", "JsonValueTester.Tests/JsonValueTester.Tests.csproj", "{d68b25c6-677d-46a4-8a3b-82a2eceb9b5f}"
EndProject
Global
    GlobalSection(SolutionConfigurationPlatforms) = preSolution
        Debug|Any CPU = Debug|Any CPU
        Release|Any CPU = Release|Any CPU
    EndGlobalSection
    GlobalSection(ProjectConfigurationPlatforms) = postSolution
        {219285cc-819d-4d70-bd0b-fd8dd7dbc1bc}.Debug|Any CPU.ActiveCfg = Debug|Any CPU
        {219285cc-819d-4d70-bd0b-fd8dd7dbc1bc}.Debug|Any CPU.Build.0 = Debug|Any CPU
        {219285cc-819d-4d70-bd0b-fd8dd7dbc1bc}.Release|Any CPU.ActiveCfg = Release|Any CPU
        {219285cc-819d-4d70-bd0b-fd8dd7dbc1bc}.Release|Any CPU.Build.0 = Release|Any CPU
        {d68b25c6-677d-46a4-8a3b-82a2eceb9b5f}.Debug|Any CPU.ActiveCfg = Debug|Any CPU
        {d68b25c6-677d-46a4-8a3b-82a2eceb9b5f}.Debug|Any CPU.Build.0 = Debug|Any CPU
        {d68b25c6-677d-46a4-8a3b-82a2eceb9b5f}.Release|Any CPU.ActiveCfg = Release|Any CPU
        {d68b25c6-677d-46a4-8a3b-82a2eceb9b5f}.Release|Any CPU.Build.0 = Release|Any CPU
    EndGlobalSection
    GlobalSection(SolutionProperties) = preSolution
        HideSolutionNode = FALSE
    EndGlobalSection
EndGlobal
