Microsoft Visual Studio Solution File, Format Version 12.00
# Visual Studio 15
VisualStudioVersion = 15.0.26430.14
MinimumVisualStudioVersion = 10.0.40219.1
Project("{FAE04EC0-301F-11D3-BF4B-00C04F79EFBC}") = "JsonValueTester.Standard", "JsonValueTester.Standard/JsonValueTester.Standard.csproj", "{c3afeea1-b63f-417f-ac67-f0df2ee63627}"
EndProject
Project("{FAE04EC0-301F-11D3-BF4B-00C04F79EFBC}") = "JsonValueTester.Tests", "JsonValueTester.Tests/JsonValueTester.Tests.csproj", "{ab0afb8a-2b8f-4606-9d1b-0a201fb879cf}"
EndProject
Global
    GlobalSection(SolutionConfigurationPlatforms) = preSolution
        Debug|Any CPU = Debug|Any CPU
        Release|Any CPU = Release|Any CPU
    EndGlobalSection
    GlobalSection(ProjectConfigurationPlatforms) = postSolution
        {c3afeea1-b63f-417f-ac67-f0df2ee63627}.Debug|Any CPU.ActiveCfg = Debug|Any CPU
        {c3afeea1-b63f-417f-ac67-f0df2ee63627}.Debug|Any CPU.Build.0 = Debug|Any CPU
        {c3afeea1-b63f-417f-ac67-f0df2ee63627}.Release|Any CPU.ActiveCfg = Release|Any CPU
        {c3afeea1-b63f-417f-ac67-f0df2ee63627}.Release|Any CPU.Build.0 = Release|Any CPU
        {ab0afb8a-2b8f-4606-9d1b-0a201fb879cf}.Debug|Any CPU.ActiveCfg = Debug|Any CPU
        {ab0afb8a-2b8f-4606-9d1b-0a201fb879cf}.Debug|Any CPU.Build.0 = Debug|Any CPU
        {ab0afb8a-2b8f-4606-9d1b-0a201fb879cf}.Release|Any CPU.ActiveCfg = Release|Any CPU
        {ab0afb8a-2b8f-4606-9d1b-0a201fb879cf}.Release|Any CPU.Build.0 = Release|Any CPU
    EndGlobalSection
    GlobalSection(SolutionProperties) = preSolution
        HideSolutionNode = FALSE
    EndGlobalSection
EndGlobal
